{
  "name": "@bu0nq/scss-mixin-media-breakpoints",
  "version": "1.0.0",
  "lockfileVersion": 3,
  "requires": true,
  "packages": {
    "": {
      "name": "@bu0nq/scss-mixin-media-breakpoints",
      "version": "1.0.0",
      "license": "MIT",
      "dependencies": {
        "@bu0nq/scss-function-rem": "^2.0.0"
      }
    },
    "node_modules/@bu0nq/scss-function-rem": {
      "version": "2.0.0",
      "resolved": "https://registry.npmjs.org/@bu0nq/scss-function-rem/-/scss-function-rem-2.0.0.tgz",
      "integrity": "sha512-6bvfW9XkVhpe1KJLl1DEdYhEkm2KVvNYmzb8ly3OIE0DtKB2yJ8nZRVB+bJui1+6pMr5iniqSua1joIBRzhcbQ==",
      "license": "MIT"
    }
  }
}
