{
  "name": "@bu0nq/scss-mixin-media-breakpoints",
  "version": "0.2.0",
  "lockfileVersion": 3,
  "requires": true,
  "packages": {
    "": {
      "name": "@bu0nq/scss-mixin-media-breakpoints",
      "version": "0.2.0",
      "license": "MIT",
      "dependencies": {
        "@bu0nq/scss-function-rem": "^0.2.0"
      }
    },
    "node_modules/@bu0nq/scss-function-rem": {
      "version": "0.2.0",
      "resolved": "https://registry.npmjs.org/@bu0nq/scss-function-rem/-/scss-function-rem-0.2.0.tgz",
      "integrity": "sha512-6X97YWUdc1zf9kZ0F5J1t62nr8nWoc2ILa9lQHOWWvsK4+5IKkzMkcE6gN9hkwW+a7/NyRqE9EMfofdM0Im1ig==",
      "license": "MIT"
    }
  }
}
